{
  "version": 2,
  "dependencies": {
    "net10.0": {
      "Meziantou.Analyzer": {
        "type": "Direct",
        "requested": "[3.0.231, )",
        "resolved": "3.0.231",
        "contentHash": "LFW/rDMBp1ufbDg4KALGT05nZ3eoHOnYVlnWmLu1w72V1L1W4W3NTE6XFP+mtvV9TpsSUd1p2eaDJdiuD8UiFQ=="
      },
      "Microsoft.NET.ILLink.Tasks": {
        "type": "Direct",
        "requested": "[10.0.12, )",
        "resolved": "10.0.12",
        "contentHash": "xi+BDjFpW+Sb+MHFHaH6Y/gV9I8BluFwRXc1QyCdoZbIK26eNiBeFuMTe/FMwc33G1wdHCyDg7CVTmb8OdQrMQ=="
      }
    },
    "net10.0/linux-x64": {},
    "net10.0/win-x64": {}
  }
}