{
  "version": 2,
  "dependencies": {
    "net10.0": {
      "Meziantou.Analyzer": {
        "type": "Direct",
        "requested": "[3.0.195, )",
        "resolved": "3.0.195",
        "contentHash": "+OzBSeXP1nXzQiLOIvZp6G9ldu8QkCTZjyVBAbn7dEBnEeWvDLUW1Py61cQ12OsYf45YpZ6Pel1rQ+cedWQR2Q=="
      },
      "Microsoft.NET.ILLink.Tasks": {
        "type": "Direct",
        "requested": "[10.0.11, )",
        "resolved": "10.0.11",
        "contentHash": "IBf7lbovvjGWVWXZX5cJ/cO0WXbId0Zq4BuSeT94mGZuOAP66oMeH9PTBZ9Jpp3Jb6jtK0qm/NyUbPRo1gC/wQ=="
      }
    },
    "net10.0/linux-x64": {},
    "net10.0/win-x64": {}
  }
}