{
  "version": 2,
  "dependencies": {
    "net10.0": {
      "Meziantou.Analyzer": {
        "type": "Direct",
        "requested": "[3.0.228, )",
        "resolved": "3.0.228",
        "contentHash": "YqzQrn2kokjvvZzYPM90b95CJyKONv60iZ6H0SuPy+6fWz3c8Fnqnd4rp+f7KxUc00r+FmLgGtQXeAPZxkZmGA=="
      },
      "Microsoft.NET.ILLink.Tasks": {
        "type": "Direct",
        "requested": "[10.0.11, )",
        "resolved": "10.0.11",
        "contentHash": "IBf7lbovvjGWVWXZX5cJ/cO0WXbId0Zq4BuSeT94mGZuOAP66oMeH9PTBZ9Jpp3Jb6jtK0qm/NyUbPRo1gC/wQ=="
      }
    },
    "net10.0/linux-x64": {},
    "net10.0/win-x64": {}
  }
}